{
  "requires": true,
  "lockfileVersion": 1,
  "dependencies": {
    "pdftohtmljs": {
      "version": "0.5.1",
      "resolved": "https://registry.npmjs.org/pdftohtmljs/-/pdftohtmljs-0.5.1.tgz",
      "integrity": "sha512-AZqONUTT9jYaZn6bR8/u+saIfM+lEVvrmMAlHcSXLnv9cP+tcoFMsGPjV2I4rIHIdoRDAupxg+KPQ/EJ8P9nCQ=="
    }
  }
}
